
Microsoft Visual Studio Solution File, Format Version 12.00
# Visual Studio Version 17
VisualStudioVersion = 17.11.35312.102
MinimumVisualStudioVersion = 10.0.40219.1
Project("{FAE04EC0-301F-11D3-BF4B-00C04F79EFBC}") = "AttendanceSystemAPI", "Attendance Management System\AttendanceSystemAPI.csproj", "{ABBE0B69-1CA3-4DF6-AEAD-25CC81CA0533}"
EndProject
Project("{00D1A9C2-B5F0-4AF3-8072-F6C62B433612}") = "AttendanceSystemDB", "AttendanceSystemDB\AttendanceSystemDB.sqlproj", "{2A472C36-87A4-4B5B-8DB0-F65662A578DC}"
EndProject
Global
	GlobalSection(SolutionConfigurationPlatforms) = preSolution
		Debug|Any CPU = Debug|Any CPU
		Release|Any CPU = Release|Any CPU
	EndGlobalSection
	GlobalSection(ProjectConfigurationPlatforms) = postSolution
		{ABBE0B69-1CA3-4DF6-AEAD-25CC81CA0533}.Debug|Any CPU.ActiveCfg = Debug|Any CPU
		{ABBE0B69-1CA3-4DF6-AEAD-25CC81CA0533}.Debug|Any CPU.Build.0 = Debug|Any CPU
		{ABBE0B69-1CA3-4DF6-AEAD-25CC81CA0533}.Release|Any CPU.ActiveCfg = Release|Any CPU
		{ABBE0B69-1CA3-4DF6-AEAD-25CC81CA0533}.Release|Any CPU.Build.0 = Release|Any CPU
		{2A472C36-87A4-4B5B-8DB0-F65662A578DC}.Debug|Any CPU.ActiveCfg = Debug|Any CPU
		{2A472C36-87A4-4B5B-8DB0-F65662A578DC}.Debug|Any CPU.Build.0 = Debug|Any CPU
		{2A472C36-87A4-4B5B-8DB0-F65662A578DC}.Debug|Any CPU.Deploy.0 = Debug|Any CPU
		{2A472C36-87A4-4B5B-8DB0-F65662A578DC}.Release|Any CPU.ActiveCfg = Release|Any CPU
		{2A472C36-87A4-4B5B-8DB0-F65662A578DC}.Release|Any CPU.Build.0 = Release|Any CPU
		{2A472C36-87A4-4B5B-8DB0-F65662A578DC}.Release|Any CPU.Deploy.0 = Release|Any CPU
	EndGlobalSection
	GlobalSection(SolutionProperties) = preSolution
		HideSolutionNode = FALSE
	EndGlobalSection
	GlobalSection(ExtensibilityGlobals) = postSolution
		SolutionGuid = {DBF09131-8ADC-4CD8-BE4D-61E622CC706E}
	EndGlobalSection
EndGlobal
